
Microsoft Visual Studio Solution File, Format Version 12.00
# Visual Studio Version 16
VisualStudioVersion = 16.0.29709.97
MinimumVisualStudioVersion = 10.0.40219.1
Project("{FAE04EC0-301F-11D3-BF4B-00C04F79EFBC}") = "PayrollGUI", "PayrollGUI\PayrollGUI.csproj", "{43465C3B-362D-46AF-911D-9FFA55540793}"
EndProject
Global
	GlobalSection(SolutionConfigurationPlatforms) = preSolution
		Debug|Any CPU = Debug|Any CPU
		Release|Any CPU = Release|Any CPU
	EndGlobalSection
	GlobalSection(ProjectConfigurationPlatforms) = postSolution
		{43465C3B-362D-46AF-911D-9FFA55540793}.Debug|Any CPU.ActiveCfg = Debug|Any CPU
		{43465C3B-362D-46AF-911D-9FFA55540793}.Debug|Any CPU.Build.0 = Debug|Any CPU
		{43465C3B-362D-46AF-911D-9FFA55540793}.Release|Any CPU.ActiveCfg = Release|Any CPU
		{43465C3B-362D-46AF-911D-9FFA55540793}.Release|Any CPU.Build.0 = Release|Any CPU
	EndGlobalSection
	GlobalSection(SolutionProperties) = preSolution
		HideSolutionNode = FALSE
	EndGlobalSection
	GlobalSection(ExtensibilityGlobals) = postSolution
		SolutionGuid = {53D744FE-9D59-4B4B-8476-655D7FFA0C44}
	EndGlobalSection
EndGlobal
